
Microsoft Visual Studio Solution File, Format Version 12.00
# Visual Studio Version 16
VisualStudioVersion = 16.0.28803.156
MinimumVisualStudioVersion = 10.0.40219.1
Project("{9A19103F-16F7-4668-BE54-9A1E7A4F7556}") = "Models", "Models\Models.csproj", "{7EAC6666-79C3-4D41-8D73-A69C2B336C49}"
EndProject
Project("{9A19103F-16F7-4668-BE54-9A1E7A4F7556}") = "WebApi", "WebApi\WebApi.csproj", "{257F236B-0F16-490F-9DEC-5FF8C2867912}"
EndProject
Project("{9A19103F-16F7-4668-BE54-9A1E7A4F7556}") = "ViewModels", "ViewModels\ViewModels.csproj", "{34AEC729-E629-4A60-837D-ED91B02D443D}"
EndProject
Project("{FAE04EC0-301F-11D3-BF4B-00C04F79EFBC}") = "VolleyballApp.Android", "VolleyballApp\VolleyballApp.Android\VolleyballApp.Android.csproj", "{13B1BA7A-5488-4467-AA78-6B5932ECB077}"
EndProject
Project("{9A19103F-16F7-4668-BE54-9A1E7A4F7556}") = "VolleyballApp", "VolleyballApp\VolleyballApp\VolleyballApp.csproj", "{0165BA71-A53D-46E5-957A-9938F85A80BB}"
EndProject
Global
	GlobalSection(SolutionConfigurationPlatforms) = preSolution
		Debug|Any CPU = Debug|Any CPU
		Release|Any CPU = Release|Any CPU
	EndGlobalSection
	GlobalSection(ProjectConfigurationPlatforms) = postSolution
		{7EAC6666-79C3-4D41-8D73-A69C2B336C49}.Debug|Any CPU.ActiveCfg = Debug|Any CPU
		{7EAC6666-79C3-4D41-8D73-A69C2B336C49}.Debug|Any CPU.Build.0 = Debug|Any CPU
		{7EAC6666-79C3-4D41-8D73-A69C2B336C49}.Release|Any CPU.ActiveCfg = Release|Any CPU
		{7EAC6666-79C3-4D41-8D73-A69C2B336C49}.Release|Any CPU.Build.0 = Release|Any CPU
		{257F236B-0F16-490F-9DEC-5FF8C2867912}.Debug|Any CPU.ActiveCfg = Debug|Any CPU
		{257F236B-0F16-490F-9DEC-5FF8C2867912}.Debug|Any CPU.Build.0 = Debug|Any CPU
		{257F236B-0F16-490F-9DEC-5FF8C2867912}.Release|Any CPU.ActiveCfg = Release|Any CPU
		{257F236B-0F16-490F-9DEC-5FF8C2867912}.Release|Any CPU.Build.0 = Release|Any CPU
		{34AEC729-E629-4A60-837D-ED91B02D443D}.Debug|Any CPU.ActiveCfg = Debug|Any CPU
		{34AEC729-E629-4A60-837D-ED91B02D443D}.Debug|Any CPU.Build.0 = Debug|Any CPU
		{34AEC729-E629-4A60-837D-ED91B02D443D}.Release|Any CPU.ActiveCfg = Release|Any CPU
		{34AEC729-E629-4A60-837D-ED91B02D443D}.Release|Any CPU.Build.0 = Release|Any CPU
		{13B1BA7A-5488-4467-AA78-6B5932ECB077}.Debug|Any CPU.ActiveCfg = Debug|Any CPU
		{13B1BA7A-5488-4467-AA78-6B5932ECB077}.Debug|Any CPU.Build.0 = Debug|Any CPU
		{13B1BA7A-5488-4467-AA78-6B5932ECB077}.Debug|Any CPU.Deploy.0 = Debug|Any CPU
		{13B1BA7A-5488-4467-AA78-6B5932ECB077}.Release|Any CPU.ActiveCfg = Release|Any CPU
		{13B1BA7A-5488-4467-AA78-6B5932ECB077}.Release|Any CPU.Build.0 = Release|Any CPU
		{13B1BA7A-5488-4467-AA78-6B5932ECB077}.Release|Any CPU.Deploy.0 = Release|Any CPU
		{0165BA71-A53D-46E5-957A-9938F85A80BB}.Debug|Any CPU.ActiveCfg = Debug|Any CPU
		{0165BA71-A53D-46E5-957A-9938F85A80BB}.Debug|Any CPU.Build.0 = Debug|Any CPU
		{0165BA71-A53D-46E5-957A-9938F85A80BB}.Release|Any CPU.ActiveCfg = Release|Any CPU
		{0165BA71-A53D-46E5-957A-9938F85A80BB}.Release|Any CPU.Build.0 = Release|Any CPU
	EndGlobalSection
	GlobalSection(SolutionProperties) = preSolution
		HideSolutionNode = FALSE
	EndGlobalSection
	GlobalSection(ExtensibilityGlobals) = postSolution
		SolutionGuid = {C0BC3650-A69C-42F0-92AE-1B54615894CD}
	EndGlobalSection
EndGlobal
